
Microsoft Visual Studio Solution File, Format Version 12.00
# Visual Studio Version 17
VisualStudioVersion = 17.1.32328.378
MinimumVisualStudioVersion = 10.0.40219.1
Project("{FAE04EC0-301F-11D3-BF4B-00C04F79EFBC}") = "LatihanPolymorphism", "LatihanPolymorhism\LatihanPolymorphism.csproj", "{9B390C4A-30C6-41AE-A6A2-5BBB2F02DBF2}"
EndProject
Global
	GlobalSection(SolutionConfigurationPlatforms) = preSolution
		Debug|Any CPU = Debug|Any CPU
		Release|Any CPU = Release|Any CPU
	EndGlobalSection
	GlobalSection(ProjectConfigurationPlatforms) = postSolution
		{9B390C4A-30C6-41AE-A6A2-5BBB2F02DBF2}.Debug|Any CPU.ActiveCfg = Debug|Any CPU
		{9B390C4A-30C6-41AE-A6A2-5BBB2F02DBF2}.Debug|Any CPU.Build.0 = Debug|Any CPU
		{9B390C4A-30C6-41AE-A6A2-5BBB2F02DBF2}.Release|Any CPU.ActiveCfg = Release|Any CPU
		{9B390C4A-30C6-41AE-A6A2-5BBB2F02DBF2}.Release|Any CPU.Build.0 = Release|Any CPU
	EndGlobalSection
	GlobalSection(SolutionProperties) = preSolution
		HideSolutionNode = FALSE
	EndGlobalSection
	GlobalSection(ExtensibilityGlobals) = postSolution
		SolutionGuid = {D9BD07AF-FB4F-4C95-AB83-96E00D84D3AA}
	EndGlobalSection
EndGlobal
