
Microsoft Visual Studio Solution File, Format Version 12.00
# Visual Studio Version 17
VisualStudioVersion = 17.1.32328.378
MinimumVisualStudioVersion = 10.0.40219.1
Project("{FAE04EC0-301F-11D3-BF4B-00C04F79EFBC}") = "ResponsiPemrograman4511", "ResponsiPemrograman4511\ResponsiPemrograman4511.csproj", "{2D70A1F1-A98F-4B29-8127-3DFF39103173}"
EndProject
Global
	GlobalSection(SolutionConfigurationPlatforms) = preSolution
		Debug|Any CPU = Debug|Any CPU
		Release|Any CPU = Release|Any CPU
	EndGlobalSection
	GlobalSection(ProjectConfigurationPlatforms) = postSolution
		{2D70A1F1-A98F-4B29-8127-3DFF39103173}.Debug|Any CPU.ActiveCfg = Debug|Any CPU
		{2D70A1F1-A98F-4B29-8127-3DFF39103173}.Debug|Any CPU.Build.0 = Debug|Any CPU
		{2D70A1F1-A98F-4B29-8127-3DFF39103173}.Release|Any CPU.ActiveCfg = Release|Any CPU
		{2D70A1F1-A98F-4B29-8127-3DFF39103173}.Release|Any CPU.Build.0 = Release|Any CPU
	EndGlobalSection
	GlobalSection(SolutionProperties) = preSolution
		HideSolutionNode = FALSE
	EndGlobalSection
	GlobalSection(ExtensibilityGlobals) = postSolution
		SolutionGuid = {C49F5A43-3641-48D8-A27D-A07C59660797}
	EndGlobalSection
EndGlobal
